
Microsoft Visual Studio Solution File, Format Version 12.00
# Visual Studio Version 16
VisualStudioVersion = 16.0.31424.327
MinimumVisualStudioVersion = 10.0.40219.1
Project("{FAE04EC0-301F-11D3-BF4B-00C04F79EFBC}") = "Mapperator", "Mapperator\Mapperator.csproj", "{C7EC4D11-5550-470C-924B-A37608F82368}"
EndProject
Global
	GlobalSection(SolutionConfigurationPlatforms) = preSolution
		Debug|Any CPU = Debug|Any CPU
		Release|Any CPU = Release|Any CPU
	EndGlobalSection
	GlobalSection(ProjectConfigurationPlatforms) = postSolution
		{C7EC4D11-5550-470C-924B-A37608F82368}.Debug|Any CPU.ActiveCfg = Debug|Any CPU
		{C7EC4D11-5550-470C-924B-A37608F82368}.Debug|Any CPU.Build.0 = Debug|Any CPU
		{C7EC4D11-5550-470C-924B-A37608F82368}.Release|Any CPU.ActiveCfg = Release|Any CPU
		{C7EC4D11-5550-470C-924B-A37608F82368}.Release|Any CPU.Build.0 = Release|Any CPU
	EndGlobalSection
	GlobalSection(SolutionProperties) = preSolution
		HideSolutionNode = FALSE
	EndGlobalSection
	GlobalSection(ExtensibilityGlobals) = postSolution
		SolutionGuid = {3BDF6301-7F8D-4A87-96E0-978D9D59B7A5}
	EndGlobalSection
EndGlobal
